
Microsoft Visual Studio Solution File, Format Version 12.00
# Visual Studio Version 17
VisualStudioVersion = 17.4.33110.190
MinimumVisualStudioVersion = 10.0.40219.1
Project("{FAE04EC0-301F-11D3-BF4B-00C04F79EFBC}") = "ValueAndReferenceTypes", "ValueAndReferenceTypes\ValueAndReferenceTypes.csproj", "{4EED24B7-1953-4F4E-AEA7-22388DF28304}"
EndProject
Global
	GlobalSection(SolutionConfigurationPlatforms) = preSolution
		Debug|Any CPU = Debug|Any CPU
		Release|Any CPU = Release|Any CPU
	EndGlobalSection
	GlobalSection(ProjectConfigurationPlatforms) = postSolution
		{4EED24B7-1953-4F4E-AEA7-22388DF28304}.Debug|Any CPU.ActiveCfg = Debug|Any CPU
		{4EED24B7-1953-4F4E-AEA7-22388DF28304}.Debug|Any CPU.Build.0 = Debug|Any CPU
		{4EED24B7-1953-4F4E-AEA7-22388DF28304}.Release|Any CPU.ActiveCfg = Release|Any CPU
		{4EED24B7-1953-4F4E-AEA7-22388DF28304}.Release|Any CPU.Build.0 = Release|Any CPU
	EndGlobalSection
	GlobalSection(SolutionProperties) = preSolution
		HideSolutionNode = FALSE
	EndGlobalSection
	GlobalSection(ExtensibilityGlobals) = postSolution
		SolutionGuid = {7F06FD8B-413D-4CE8-8723-E992ED4A5D07}
	EndGlobalSection
EndGlobal
